
Microsoft Visual Studio Solution File, Format Version 12.00
# Visual Studio Version 17
VisualStudioVersion = 17.3.32901.215
MinimumVisualStudioVersion = 10.0.40219.1
Project("{9A19103F-16F7-4668-BE54-9A1E7A4F7556}") = "AccountsTracker.Web", "AccountsTracker\AccountsTracker.Web.csproj", "{B37A4BEE-2CF3-419C-94D8-AC681F069581}"
	ProjectSection(ProjectDependencies) = postProject
		{AA50F69D-1564-4A92-BE92-BF32B7E2BFF9} = {AA50F69D-1564-4A92-BE92-BF32B7E2BFF9}
		{FD49E651-E35C-415C-8B43-104880D486D4} = {FD49E651-E35C-415C-8B43-104880D486D4}
	EndProjectSection
EndProject
Project("{9A19103F-16F7-4668-BE54-9A1E7A4F7556}") = "AccountsTracker.Data", "AccountsTracker.Data\AccountsTracker.Data.csproj", "{FD49E651-E35C-415C-8B43-104880D486D4}"
EndProject
Project("{9A19103F-16F7-4668-BE54-9A1E7A4F7556}") = "AccountsTracker.Shared", "AccountsTracker.Shared\AccountsTracker.Shared.csproj", "{AA50F69D-1564-4A92-BE92-BF32B7E2BFF9}"
EndProject
Project("{9A19103F-16F7-4668-BE54-9A1E7A4F7556}") = "AccountsTracker.Tests", "AccountsTracker.Tests\AccountsTracker.Tests.csproj", "{BB9F2107-D72B-452F-AA8C-7A62011DBC13}"
EndProject
Global
	GlobalSection(SolutionConfigurationPlatforms) = preSolution
		Debug|Any CPU = Debug|Any CPU
		Release|Any CPU = Release|Any CPU
	EndGlobalSection
	GlobalSection(ProjectConfigurationPlatforms) = postSolution
		{B37A4BEE-2CF3-419C-94D8-AC681F069581}.Debug|Any CPU.ActiveCfg = Debug|Any CPU
		{B37A4BEE-2CF3-419C-94D8-AC681F069581}.Debug|Any CPU.Build.0 = Debug|Any CPU
		{B37A4BEE-2CF3-419C-94D8-AC681F069581}.Release|Any CPU.ActiveCfg = Release|Any CPU
		{B37A4BEE-2CF3-419C-94D8-AC681F069581}.Release|Any CPU.Build.0 = Release|Any CPU
		{FD49E651-E35C-415C-8B43-104880D486D4}.Debug|Any CPU.ActiveCfg = Debug|Any CPU
		{FD49E651-E35C-415C-8B43-104880D486D4}.Debug|Any CPU.Build.0 = Debug|Any CPU
		{FD49E651-E35C-415C-8B43-104880D486D4}.Release|Any CPU.ActiveCfg = Release|Any CPU
		{FD49E651-E35C-415C-8B43-104880D486D4}.Release|Any CPU.Build.0 = Release|Any CPU
		{AA50F69D-1564-4A92-BE92-BF32B7E2BFF9}.Debug|Any CPU.ActiveCfg = Debug|Any CPU
		{AA50F69D-1564-4A92-BE92-BF32B7E2BFF9}.Debug|Any CPU.Build.0 = Debug|Any CPU
		{AA50F69D-1564-4A92-BE92-BF32B7E2BFF9}.Release|Any CPU.ActiveCfg = Release|Any CPU
		{AA50F69D-1564-4A92-BE92-BF32B7E2BFF9}.Release|Any CPU.Build.0 = Release|Any CPU
		{BB9F2107-D72B-452F-AA8C-7A62011DBC13}.Debug|Any CPU.ActiveCfg = Debug|Any CPU
		{BB9F2107-D72B-452F-AA8C-7A62011DBC13}.Debug|Any CPU.Build.0 = Debug|Any CPU
		{BB9F2107-D72B-452F-AA8C-7A62011DBC13}.Release|Any CPU.ActiveCfg = Release|Any CPU
		{BB9F2107-D72B-452F-AA8C-7A62011DBC13}.Release|Any CPU.Build.0 = Release|Any CPU
	EndGlobalSection
	GlobalSection(SolutionProperties) = preSolution
		HideSolutionNode = FALSE
	EndGlobalSection
	GlobalSection(ExtensibilityGlobals) = postSolution
		SolutionGuid = {BBDD442D-52FE-4835-9074-EEEF0BB59A84}
	EndGlobalSection
EndGlobal
